// !$*UTF8*$!
{
	archiveVersion = 1;
	classes = {
	};
	objectVersion = 77;
	objects = {

/* Begin PBXContainerItemProxy section */
		1A8237D22FF158D900FCA6B2 /* PBXContainerItemProxy */ = {
			isa = PBXContainerItemProxy;
			containerPortal = 1A8237B32FF158D700FCA6B2 /* Project object */;
			proxyType = 1;
			remoteGlobalIDString = 1A8237BA2FF158D700FCA6B2;
			remoteInfo = LearnSpreadSheetLib;
		};
		1A8237DC2FF158D900FCA6B2 /* PBXContainerItemProxy */ = {
			isa = PBXContainerItemProxy;
			containerPortal = 1A8237B32FF158D700FCA6B2 /* Project object */;
			proxyType = 1;
			remoteGlobalIDString = 1A8237BA2FF158D700FCA6B2;
			remoteInfo = LearnSpreadSheetLib;
		};
/* End PBXContainerItemProxy section */

/* Begin PBXFileReference section */
		1A8237BB2FF158D700FCA6B2 /* LearnSpreadSheetLib.app */ = {isa = PBXFileReference; explicitFileType = wrapper.application; includeInIndex = 0; path = LearnSpreadSheetLib.app; sourceTree = BUILT_PRODUCTS_DIR; };
		1A8237D12FF158D900FCA6B2 /* LearnSpreadSheetLibTests.xctest */ = {isa = PBXFileReference; explicitFileType = wrapper.cfbundle; includeInIndex = 0; path = LearnSpreadSheetLibTests.xctest; sourceTree = BUILT_PRODUCTS_DIR; };
		1A8237DB2FF158D900FCA6B2 /* LearnSpreadSheetLibUITests.xctest */ = {isa = PBXFileReference; explicitFileType = wrapper.cfbundle; includeInIndex = 0; path = LearnSpreadSheetLibUITests.xctest; sourceTree = BUILT_PRODUCTS_DIR; };
/* End PBXFileReference section */

/* Begin PBXFileSystemSynchronizedBuildFileExceptionSet section */
		1A8237E32FF158D900FCA6B2 /* Exceptions for "LearnSpreadSheetLib" folder in "LearnSpreadSheetLib" target */ = {
			isa = PBXFileSystemSynchronizedBuildFileExceptionSet;
			membershipExceptions = (
				Info.plist,
			);
			target = 1A8237BA2FF158D700FCA6B2 /* LearnSpreadSheetLib */;
		};
/* End PBXFileSystemSynchronizedBuildFileExceptionSet section */

/* Begin PBXFileSystemSynchronizedRootGroup section */
		1A8237BD2FF158D700FCA6B2 /* LearnSpreadSheetLib */ = {
			isa = PBXFileSystemSynchronizedRootGroup;
			exceptions = (
				1A8237E32FF158D900FCA6B2 /* Exceptions for "LearnSpreadSheetLib" folder in "LearnSpreadSheetLib" target */,
			);
			path = LearnSpreadSheetLib;
			sourceTree = "<group>";
		};
		1A8237D42FF158D900FCA6B2 /* LearnSpreadSheetLibTests */ = {
			isa = PBXFileSystemSynchronizedRootGroup;
			path = LearnSpreadSheetLibTests;
			sourceTree = "<group>";
		};
		1A8237DE2FF158D900FCA6B2 /* LearnSpreadSheetLibUITests */ = {
			isa = PBXFileSystemSynchronizedRootGroup;
			path = LearnSpreadSheetLibUITests;
			sourceTree = "<group>";
		};
/* End PBXFileSystemSynchronizedRootGroup section */

/* Begin PBXFrameworksBuildPhase section */
		1A8237B82FF158D700FCA6B2 /* Frameworks */ = {
			isa = PBXFrameworksBuildPhase;
			buildActionMask = 2147483647;
			files = (
			);
			runOnlyForDeploymentPostprocessing = 0;
		};
		1A8237CE2FF158D900FCA6B2 /* Frameworks */ = {
			isa = PBXFrameworksBuildPhase;
			buildActionMask = 2147483647;
			files = (
			);
			runOnlyForDeploymentPostprocessing = 0;
		};
		1A8237D82FF158D900FCA6B2 /* Frameworks */ = {
			isa = PBXFrameworksBuildPhase;
			buildActionMask = 2147483647;
			files = (
			);
			runOnlyForDeploymentPostprocessing = 0;
		};
/* End PBXFrameworksBuildPhase section */

/* Begin PBXGroup section */
		1A8237B22FF158D700FCA6B2 = {
			isa = PBXGroup;
			children = (
				1A8237BD2FF158D700FCA6B2 /* LearnSpreadSheetLib */,
				1A8237D42FF158D900FCA6B2 /* LearnSpreadSheetLibTests */,
				1A8237DE2FF158D900FCA6B2 /* LearnSpreadSheetLibUITests */,
				1A8237BC2FF158D700FCA6B2 /* Products */,
			);
			sourceTree = "<group>";
		};
		1A8237BC2FF158D700FCA6B2 /* Products */ = {
			isa = PBXGroup;
			children = (
				1A8237BB2FF158D700FCA6B2 /* LearnSpreadSheetLib.app */,
				1A8237D12FF158D900FCA6B2 /* LearnSpreadSheetLibTests.xctest */,
				1A8237DB2FF158D900FCA6B2 /* LearnSpreadSheetLibUITests.xctest */,
			);
			name = Products;
			sourceTree = "<group>";
		};
/* End PBXGroup section */

/* Begin PBXNativeTarget section */
		1A8237BA2FF158D700FCA6B2 /* LearnSpreadSheetLib */ = {
			isa = PBXNativeTarget;
			buildConfigurationList = 1A8237E42FF158D900FCA6B2 /* Build configuration list for PBXNativeTarget "LearnSpreadSheetLib" */;
			buildPhases = (
				1A8237B72FF158D700FCA6B2 /* Sources */,
				1A8237B82FF158D700FCA6B2 /* Frameworks */,
				1A8237B92FF158D700FCA6B2 /* Resources */,
			);
			buildRules = (
			);
			dependencies = (
			);
			fileSystemSynchronizedGroups = (
				1A8237BD2FF158D700FCA6B2 /* LearnSpreadSheetLib */,
			);
			name = LearnSpreadSheetLib;
			packageProductDependencies = (
			);
			productName = LearnSpreadSheetLib;
			productReference = 1A8237BB2FF158D700FCA6B2 /* LearnSpreadSheetLib.app */;
			productType = "com.apple.product-type.application";
		};
		1A8237D02FF158D900FCA6B2 /* LearnSpreadSheetLibTests */ = {
			isa = PBXNativeTarget;
			buildConfigurationList = 1A8237E92FF158D900FCA6B2 /* Build configuration list for PBXNativeTarget "LearnSpreadSheetLibTests" */;
			buildPhases = (
				1A8237CD2FF158D900FCA6B2 /* Sources */,
				1A8237CE2FF158D900FCA6B2 /* Frameworks */,
				1A8237CF2FF158D900FCA6B2 /* Resources */,
			);
			buildRules = (
			);
			dependencies = (
				1A8237D32FF158D900FCA6B2 /* PBXTargetDependency */,
			);
			fileSystemSynchronizedGroups = (
				1A8237D42FF158D900FCA6B2 /* LearnSpreadSheetLibTests */,
			);
			name = LearnSpreadSheetLibTests;
			packageProductDependencies = (
			);
			productName = LearnSpreadSheetLibTests;
			productReference = 1A8237D12FF158D900FCA6B2 /* LearnSpreadSheetLibTests.xctest */;
			productType = "com.apple.product-type.bundle.unit-test";
		};
		1A8237DA2FF158D900FCA6B2 /* LearnSpreadSheetLibUITests */ = {
			isa = PBXNativeTarget;
			buildConfigurationList = 1A8237EC2FF158D900FCA6B2 /* Build configuration list for PBXNativeTarget "LearnSpreadSheetLibUITests" */;
			buildPhases = (
				1A8237D72FF158D900FCA6B2 /* Sources */,
				1A8237D82FF158D900FCA6B2 /* Frameworks */,
				1A8237D92FF158D900FCA6B2 /* Resources */,
			);
			buildRules = (
			);
			dependencies = (
				1A8237DD2FF158D900FCA6B2 /* PBXTargetDependency */,
			);
			fileSystemSynchronizedGroups = (
				1A8237DE2FF158D900FCA6B2 /* LearnSpreadSheetLibUITests */,
			);
			name = LearnSpreadSheetLibUITests;
			packageProductDependencies = (
			);
			productName = LearnSpreadSheetLibUITests;
			productReference = 1A8237DB2FF158D900FCA6B2 /* LearnSpreadSheetLibUITests.xctest */;
			productType = "com.apple.product-type.bundle.ui-testing";
		};
/* End PBXNativeTarget section */

/* Begin PBXProject section */
		1A8237B32FF158D700FCA6B2 /* Project object */ = {
			isa = PBXProject;
			attributes = {
				BuildIndependentTargetsInParallel = 1;
				LastSwiftUpdateCheck = 1610;
				LastUpgradeCheck = 1610;
				TargetAttributes = {
					1A8237BA2FF158D700FCA6B2 = {
						CreatedOnToolsVersion = 16.1;
					};
					1A8237D02FF158D900FCA6B2 = {
						CreatedOnToolsVersion = 16.1;
						TestTargetID = 1A8237BA2FF158D700FCA6B2;
					};
					1A8237DA2FF158D900FCA6B2 = {
						CreatedOnToolsVersion = 16.1;
						TestTargetID = 1A8237BA2FF158D700FCA6B2;
					};
				};
			};
			buildConfigurationList = 1A8237B62FF158D700FCA6B2 /* Build configuration list for PBXProject "LearnSpreadSheetLib" */;
			developmentRegion = en;
			hasScannedForEncodings = 0;
			knownRegions = (
				en,
				Base,
			);
			mainGroup = 1A8237B22FF158D700FCA6B2;
			minimizedProjectReferenceProxies = 1;
			preferredProjectObjectVersion = 77;
			productRefGroup = 1A8237BC2FF158D700FCA6B2 /* Products */;
			projectDirPath = "";
			projectRoot = "";
			targets = (
				1A8237BA2FF158D700FCA6B2 /* LearnSpreadSheetLib */,
				1A8237D02FF158D900FCA6B2 /* LearnSpreadSheetLibTests */,
				1A8237DA2FF158D900FCA6B2 /* LearnSpreadSheetLibUITests */,
			);
		};
/* End PBXProject section */

/* Begin PBXResourcesBuildPhase section */
		1A8237B92FF158D700FCA6B2 /* Resources */ = {
			isa = PBXResourcesBuildPhase;
			buildActionMask = 2147483647;
			files = (
			);
			runOnlyForDeploymentPostprocessing = 0;
		};
		1A8237CF2FF158D900FCA6B2 /* Resources */ = {
			isa = PBXResourcesBuildPhase;
			buildActionMask = 2147483647;
			files = (
			);
			runOnlyForDeploymentPostprocessing = 0;
		};
		1A8237D92FF158D900FCA6B2 /* Resources */ = {
			isa = PBXResourcesBuildPhase;
			buildActionMask = 2147483647;
			files = (
			);
			runOnlyForDeploymentPostprocessing = 0;
		};
/* End PBXResourcesBuildPhase section */

/* Begin PBXSourcesBuildPhase section */
		1A8237B72FF158D700FCA6B2 /* Sources */ = {
			isa = PBXSourcesBuildPhase;
			buildActionMask = 2147483647;
			files = (
			);
			runOnlyForDeploymentPostprocessing = 0;
		};
		1A8237CD2FF158D900FCA6B2 /* Sources */ = {
			isa = PBXSourcesBuildPhase;
			buildActionMask = 2147483647;
			files = (
			);
			runOnlyForDeploymentPostprocessing = 0;
		};
		1A8237D72FF158D900FCA6B2 /* Sources */ = {
			isa = PBXSourcesBuildPhase;
			buildActionMask = 2147483647;
			files = (
			);
			runOnlyForDeploymentPostprocessing = 0;
		};
/* End PBXSourcesBuildPhase section */

/* Begin PBXTargetDependency section */
		1A8237D32FF158D900FCA6B2 /* PBXTargetDependency */ = {
			isa = PBXTargetDependency;
			target = 1A8237BA2FF158D700FCA6B2 /* LearnSpreadSheetLib */;
			targetProxy = 1A8237D22FF158D900FCA6B2 /* PBXContainerItemProxy */;
		};
		1A8237DD2FF158D900FCA6B2 /* PBXTargetDependency */ = {
			isa = PBXTargetDependency;
			target = 1A8237BA2FF158D700FCA6B2 /* LearnSpreadSheetLib */;
			targetProxy = 1A8237DC2FF158D900FCA6B2 /* PBXContainerItemProxy */;
		};
/* End PBXTargetDependency section */

/* Begin XCBuildConfiguration section */
		1A8237E52FF158D900FCA6B2 /* Debug */ = {
			isa = XCBuildConfiguration;
			buildSettings = {
				ASSETCATALOG_COMPILER_APPICON_NAME = AppIcon;
				ASSETCATALOG_COMPILER_GLOBAL_ACCENT_COLOR_NAME = AccentColor;
				CODE_SIGN_STYLE = Automatic;
				CURRENT_PROJECT_VERSION = 1;
				DEVELOPMENT_TEAM = 2N3RVX53WA;
				GENERATE_INFOPLIST_FILE = YES;
				INFOPLIST_FILE = LearnSpreadSheetLib/Info.plist;
				INFOPLIST_KEY_UIApplicationSupportsIndirectInputEvents = YES;
				INFOPLIST_KEY_UILaunchStoryboardName = LaunchScreen;
				INFOPLIST_KEY_UIMainStoryboardFile = Main;
				INFOPLIST_KEY_UISupportedInterfaceOrientations_iPad = "UIInterfaceOrientationPortrait UIInterfaceOrientationPortraitUpsideDown UIInterfaceOrientationLandscapeLeft UIInterfaceOrientationLandscapeRight";
				INFOPLIST_KEY_UISupportedInterfaceOrientations_iPhone = "UIInterfaceOrientationPortrait UIInterfaceOrientationLandscapeLeft UIInterfaceOrientationLandscapeRight";
				LD_RUNPATH_SEARCH_PATHS = (
					"$(inherited)",
					"@executable_path/Frameworks",
				);
				MARKETING_VERSION = 1.0;
				PRODUCT_BUNDLE_IDENTIFIER = com.felix.LearnSpreadSheetLib;
				PRODUCT_NAME = "$(TARGET_NAME)";
				SWIFT_EMIT_LOC_STRINGS = YES;
				SWIFT_VERSION = 5.0;
				TARGETED_DEVICE_FAMILY = "1,2";
			};
			name = Debug;
		};
		1A8237E62FF158D900FCA6B2 /* Release */ = {
			isa = XCBuildConfiguration;
			buildSettings = {
				ASSETCATALOG_COMPILER_APPICON_NAME = AppIcon;
				ASSETCATALOG_COMPILER_GLOBAL_ACCENT_COLOR_NAME = AccentColor;
				CODE_SIGN_STYLE = Automatic;
				CURRENT_PROJECT_VERSION = 1;
				DEVELOPMENT_TEAM = 2N3RVX53WA;
				GENERATE_INFOPLIST_FILE = YES;
				INFOPLIST_FILE = LearnSpreadSheetLib/Info.plist;
				INFOPLIST_KEY_UIApplicationSupportsIndirectInputEvents = YES;
				INFOPLIST_KEY_UILaunchStoryboardName = LaunchScreen;
				INFOPLIST_KEY_UIMainStoryboardFile = Main;
				INFOPLIST_KEY_UISupportedInterfaceOrientations_iPad = "UIInterfaceOrientationPortrait UIInterfaceOrientationPortraitUpsideDown UIInterfaceOrientationLandscapeLeft UIInterfaceOrientationLandscapeRight";
				INFOPLIST_KEY_UISupportedInterfaceOrientations_iPhone = "UIInterfaceOrientationPortrait UIInterfaceOrientationLandscapeLeft UIInterfaceOrientationLandscapeRight";
				LD_RUNPATH_SEARCH_PATHS = (
					"$(inherited)",
					"@executable_path/Frameworks",
				);
				MARKETING_VERSION = 1.0;
				PRODUCT_BUNDLE_IDENTIFIER = com.felix.LearnSpreadSheetLib;
				PRODUCT_NAME = "$(TARGET_NAME)";
				SWIFT_EMIT_LOC_STRINGS = YES;
				SWIFT_VERSION = 5.0;
				TARGETED_DEVICE_FAMILY = "1,2";
			};
			name = Release;
		};
		1A8237E72FF158D900FCA6B2 /* Debug */ = {
			isa = XCBuildConfiguration;
			buildSettings = {
				ALWAYS_SEARCH_USER_PATHS = NO;
				ASSETCATALOG_COMPILER_GENERATE_SWIFT_ASSET_SYMBOL_EXTENSIONS = YES;
				CLANG_ANALYZER_NONNULL = YES;
				CLANG_ANALYZER_NUMBER_OBJECT_CONVERSION = YES_AGGRESSIVE;
				CLANG_CXX_LANGUAGE_STANDARD = "gnu++20";
				CLANG_ENABLE_MODULES = YES;
				CLANG_ENABLE_OBJC_ARC = YES;
				CLANG_ENABLE_OBJC_WEAK = YES;
				CLANG_WARN_BLOCK_CAPTURE_AUTORELEASING = YES;
				CLANG_WARN_BOOL_CONVERSION = YES;
				CLANG_WARN_COMMA = YES;
				CLANG_WARN_CONSTANT_CONVERSION = YES;
				CLANG_WARN_DEPRECATED_OBJC_IMPLEMENTATIONS = YES;
				CLANG_WARN_DIRECT_OBJC_ISA_USAGE = YES_ERROR;
				CLANG_WARN_DOCUMENTATION_COMMENTS = YES;
				CLANG_WARN_EMPTY_BODY = YES;
				CLANG_WARN_ENUM_CONVERSION = YES;
				CLANG_WARN_INFINITE_RECURSION = YES;
				CLANG_WARN_INT_CONVERSION = YES;
				CLANG_WARN_NON_LITERAL_NULL_CONVERSION = YES;
				CLANG_WARN_OBJC_IMPLICIT_RETAIN_SELF = YES;
				CLANG_WARN_OBJC_LITERAL_CONVERSION = YES;
				CLANG_WARN_OBJC_ROOT_CLASS = YES_ERROR;
				CLANG_WARN_QUOTED_INCLUDE_IN_FRAMEWORK_HEADER = YES;
				CLANG_WARN_RANGE_LOOP_ANALYSIS = YES;
				CLANG_WARN_STRICT_PROTOTYPES = YES;
				CLANG_WARN_SUSPICIOUS_MOVE = YES;
				CLANG_WARN_UNGUARDED_AVAILABILITY = YES_AGGRESSIVE;
				CLANG_WARN_UNREACHABLE_CODE = YES;
				CLANG_WARN__DUPLICATE_METHOD_MATCH = YES;
				COPY_PHASE_STRIP = NO;
				DEBUG_INFORMATION_FORMAT = dwarf;
				ENABLE_STRICT_OBJC_MSGSEND = YES;
				ENABLE_TESTABILITY = YES;
				ENABLE_USER_SCRIPT_SANDBOXING = YES;
				GCC_C_LANGUAGE_STANDARD = gnu17;
				GCC_DYNAMIC_NO_PIC = NO;
				GCC_NO_COMMON_BLOCKS = YES;
				GCC_OPTIMIZATION_LEVEL = 0;
				GCC_PREPROCESSOR_DEFINITIONS = (
					"DEBUG=1",
					"$(inherited)",
				);
				GCC_WARN_64_TO_32_BIT_CONVERSION = YES;
				GCC_WARN_ABOUT_RETURN_TYPE = YES_ERROR;
				GCC_WARN_UNDECLARED_SELECTOR = YES;
				GCC_WARN_UNINITIALIZED_AUTOS = YES_AGGRESSIVE;
				GCC_WARN_UNUSED_FUNCTION = YES;
				GCC_WARN_UNUSED_VARIABLE = YES;
				IPHONEOS_DEPLOYMENT_TARGET = 18.1;
				LOCALIZATION_PREFERS_STRING_CATALOGS = YES;
				MTL_ENABLE_DEBUG_INFO = INCLUDE_SOURCE;
				MTL_FAST_MATH = YES;
				ONLY_ACTIVE_ARCH = YES;
				SDKROOT = iphoneos;
				SWIFT_ACTIVE_COMPILATION_CONDITIONS = "DEBUG $(inherited)";
				SWIFT_OPTIMIZATION_LEVEL = "-Onone";
			};
			name = Debug;
		};
		1A8237E82FF158D900FCA6B2 /* Release */ = {
			isa = XCBuildConfiguration;
			buildSettings = {
				ALWAYS_SEARCH_USER_PATHS = NO;
				ASSETCATALOG_COMPILER_GENERATE_SWIFT_ASSET_SYMBOL_EXTENSIONS = YES;
				CLANG_ANALYZER_NONNULL = YES;
				CLANG_ANALYZER_NUMBER_OBJECT_CONVERSION = YES_AGGRESSIVE;
				CLANG_CXX_LANGUAGE_STANDARD = "gnu++20";
				CLANG_ENABLE_MODULES = YES;
				CLANG_ENABLE_OBJC_ARC = YES;
				CLANG_ENABLE_OBJC_WEAK = YES;
				CLANG_WARN_BLOCK_CAPTURE_AUTORELEASING = YES;
				CLANG_WARN_BOOL_CONVERSION = YES;
				CLANG_WARN_COMMA = YES;
				CLANG_WARN_CONSTANT_CONVERSION = YES;
				CLANG_WARN_DEPRECATED_OBJC_IMPLEMENTATIONS = YES;
				CLANG_WARN_DIRECT_OBJC_ISA_USAGE = YES_ERROR;
				CLANG_WARN_DOCUMENTATION_COMMENTS = YES;
				CLANG_WARN_EMPTY_BODY = YES;
				CLANG_WARN_ENUM_CONVERSION = YES;
				CLANG_WARN_INFINITE_RECURSION = YES;
				CLANG_WARN_INT_CONVERSION = YES;
				CLANG_WARN_NON_LITERAL_NULL_CONVERSION = YES;
				CLANG_WARN_OBJC_IMPLICIT_RETAIN_SELF = YES;
				CLANG_WARN_OBJC_LITERAL_CONVERSION = YES;
				CLANG_WARN_OBJC_ROOT_CLASS = YES_ERROR;
				CLANG_WARN_QUOTED_INCLUDE_IN_FRAMEWORK_HEADER = YES;
				CLANG_WARN_RANGE_LOOP_ANALYSIS = YES;
				CLANG_WARN_STRICT_PROTOTYPES = YES;
				CLANG_WARN_SUSPICIOUS_MOVE = YES;
				CLANG_WARN_UNGUARDED_AVAILABILITY = YES_AGGRESSIVE;
				CLANG_WARN_UNREACHABLE_CODE = YES;
				CLANG_WARN__DUPLICATE_METHOD_MATCH = YES;
				COPY_PHASE_STRIP = NO;
				DEBUG_INFORMATION_FORMAT = "dwarf-with-dsym";
				ENABLE_NS_ASSERTIONS = NO;
				ENABLE_STRICT_OBJC_MSGSEND = YES;
				ENABLE_USER_SCRIPT_SANDBOXING = YES;
				GCC_C_LANGUAGE_STANDARD = gnu17;
				GCC_NO_COMMON_BLOCKS = YES;
				GCC_WARN_64_TO_32_BIT_CONVERSION = YES;
				GCC_WARN_ABOUT_RETURN_TYPE = YES_ERROR;
				GCC_WARN_UNDECLARED_SELECTOR = YES;
				GCC_WARN_UNINITIALIZED_AUTOS = YES_AGGRESSIVE;
				GCC_WARN_UNUSED_FUNCTION = YES;
				GCC_WARN_UNUSED_VARIABLE = YES;
				IPHONEOS_DEPLOYMENT_TARGET = 18.1;
				LOCALIZATION_PREFERS_STRING_CATALOGS = YES;
				MTL_ENABLE_DEBUG_INFO = NO;
				MTL_FAST_MATH = YES;
				SDKROOT = iphoneos;
				SWIFT_COMPILATION_MODE = wholemodule;
				VALIDATE_PRODUCT = YES;
			};
			name = Release;
		};
		1A8237EA2FF158D900FCA6B2 /* Debug */ = {
			isa = XCBuildConfiguration;
			buildSettings = {
				BUNDLE_LOADER = "$(TEST_HOST)";
				CODE_SIGN_STYLE = Automatic;
				CURRENT_PROJECT_VERSION = 1;
				DEVELOPMENT_TEAM = 2N3RVX53WA;
				GENERATE_INFOPLIST_FILE = YES;
				IPHONEOS_DEPLOYMENT_TARGET = 18.1;
				MARKETING_VERSION = 1.0;
				PRODUCT_BUNDLE_IDENTIFIER = com.felix.LearnSpreadSheetLibTests;
				PRODUCT_NAME = "$(TARGET_NAME)";
				SWIFT_EMIT_LOC_STRINGS = NO;
				SWIFT_VERSION = 5.0;
				TARGETED_DEVICE_FAMILY = "1,2";
				TEST_HOST = "$(BUILT_PRODUCTS_DIR)/LearnSpreadSheetLib.app/$(BUNDLE_EXECUTABLE_FOLDER_PATH)/LearnSpreadSheetLib";
			};
			name = Debug;
		};
		1A8237EB2FF158D900FCA6B2 /* Release */ = {
			isa = XCBuildConfiguration;
			buildSettings = {
				BUNDLE_LOADER = "$(TEST_HOST)";
				CODE_SIGN_STYLE = Automatic;
				CURRENT_PROJECT_VERSION = 1;
				DEVELOPMENT_TEAM = 2N3RVX53WA;
				GENERATE_INFOPLIST_FILE = YES;
				IPHONEOS_DEPLOYMENT_TARGET = 18.1;
				MARKETING_VERSION = 1.0;
				PRODUCT_BUNDLE_IDENTIFIER = com.felix.LearnSpreadSheetLibTests;
				PRODUCT_NAME = "$(TARGET_NAME)";
				SWIFT_EMIT_LOC_STRINGS = NO;
				SWIFT_VERSION = 5.0;
				TARGETED_DEVICE_FAMILY = "1,2";
				TEST_HOST = "$(BUILT_PRODUCTS_DIR)/LearnSpreadSheetLib.app/$(BUNDLE_EXECUTABLE_FOLDER_PATH)/LearnSpreadSheetLib";
			};
			name = Release;
		};
		1A8237ED2FF158D900FCA6B2 /* Debug */ = {
			isa = XCBuildConfiguration;
			buildSettings = {
				CODE_SIGN_STYLE = Automatic;
				CURRENT_PROJECT_VERSION = 1;
				DEVELOPMENT_TEAM = 2N3RVX53WA;
				GENERATE_INFOPLIST_FILE = YES;
				MARKETING_VERSION = 1.0;
				PRODUCT_BUNDLE_IDENTIFIER = com.felix.LearnSpreadSheetLibUITests;
				PRODUCT_NAME = "$(TARGET_NAME)";
				SWIFT_EMIT_LOC_STRINGS = NO;
				SWIFT_VERSION = 5.0;
				TARGETED_DEVICE_FAMILY = "1,2";
				TEST_TARGET_NAME = LearnSpreadSheetLib;
			};
			name = Debug;
		};
		1A8237EE2FF158D900FCA6B2 /* Release */ = {
			isa = XCBuildConfiguration;
			buildSettings = {
				CODE_SIGN_STYLE = Automatic;
				CURRENT_PROJECT_VERSION = 1;
				DEVELOPMENT_TEAM = 2N3RVX53WA;
				GENERATE_INFOPLIST_FILE = YES;
				MARKETING_VERSION = 1.0;
				PRODUCT_BUNDLE_IDENTIFIER = com.felix.LearnSpreadSheetLibUITests;
				PRODUCT_NAME = "$(TARGET_NAME)";
				SWIFT_EMIT_LOC_STRINGS = NO;
				SWIFT_VERSION = 5.0;
				TARGETED_DEVICE_FAMILY = "1,2";
				TEST_TARGET_NAME = LearnSpreadSheetLib;
			};
			name = Release;
		};
/* End XCBuildConfiguration section */

/* Begin XCConfigurationList section */
		1A8237B62FF158D700FCA6B2 /* Build configuration list for PBXProject "LearnSpreadSheetLib" */ = {
			isa = XCConfigurationList;
			buildConfigurations = (
				1A8237E72FF158D900FCA6B2 /* Debug */,
				1A8237E82FF158D900FCA6B2 /* Release */,
			);
			defaultConfigurationIsVisible = 0;
			defaultConfigurationName = Release;
		};
		1A8237E42FF158D900FCA6B2 /* Build configuration list for PBXNativeTarget "LearnSpreadSheetLib" */ = {
			isa = XCConfigurationList;
			buildConfigurations = (
				1A8237E52FF158D900FCA6B2 /* Debug */,
				1A8237E62FF158D900FCA6B2 /* Release */,
			);
			defaultConfigurationIsVisible = 0;
			defaultConfigurationName = Release;
		};
		1A8237E92FF158D900FCA6B2 /* Build configuration list for PBXNativeTarget "LearnSpreadSheetLibTests" */ = {
			isa = XCConfigurationList;
			buildConfigurations = (
				1A8237EA2FF158D900FCA6B2 /* Debug */,
				1A8237EB2FF158D900FCA6B2 /* Release */,
			);
			defaultConfigurationIsVisible = 0;
			defaultConfigurationName = Release;
		};
		1A8237EC2FF158D900FCA6B2 /* Build configuration list for PBXNativeTarget "LearnSpreadSheetLibUITests" */ = {
			isa = XCConfigurationList;
			buildConfigurations = (
				1A8237ED2FF158D900FCA6B2 /* Debug */,
				1A8237EE2FF158D900FCA6B2 /* Release */,
			);
			defaultConfigurationIsVisible = 0;
			defaultConfigurationName = Release;
		};
/* End XCConfigurationList section */
	};
	rootObject = 1A8237B32FF158D700FCA6B2 /* Project object */;
}
